
Microsoft Visual Studio Solution File, Format Version 12.00
# Visual Studio Version 17
VisualStudioVersion = 17.11.35303.130
MinimumVisualStudioVersion = 10.0.40219.1
Project("{FAE04EC0-301F-11D3-BF4B-00C04F79EFBC}") = "Bank Interest Calculator", "Bank Interest Calculator.csproj", "{C5856BBD-A5EF-47E8-83C2-F16DE0022C6E}"
EndProject
Global
	GlobalSection(SolutionConfigurationPlatforms) = preSolution
		Debug|Any CPU = Debug|Any CPU
		Release|Any CPU = Release|Any CPU
	EndGlobalSection
	GlobalSection(ProjectConfigurationPlatforms) = postSolution
		{C5856BBD-A5EF-47E8-83C2-F16DE0022C6E}.Debug|Any CPU.ActiveCfg = Debug|Any CPU
		{C5856BBD-A5EF-47E8-83C2-F16DE0022C6E}.Debug|Any CPU.Build.0 = Debug|Any CPU
		{C5856BBD-A5EF-47E8-83C2-F16DE0022C6E}.Release|Any CPU.ActiveCfg = Release|Any CPU
		{C5856BBD-A5EF-47E8-83C2-F16DE0022C6E}.Release|Any CPU.Build.0 = Release|Any CPU
	EndGlobalSection
	GlobalSection(SolutionProperties) = preSolution
		HideSolutionNode = FALSE
	EndGlobalSection
	GlobalSection(ExtensibilityGlobals) = postSolution
		SolutionGuid = {338D15C8-F084-4610-8DAD-39DBEA40612C}
	EndGlobalSection
EndGlobal
